
Microsoft Visual Studio Solution File, Format Version 12.00
# Visual Studio Version 17
VisualStudioVersion = 17.4.33213.308
MinimumVisualStudioVersion = 10.0.40219.1
Project("{2150E333-8FDC-42A3-9474-1A3956D46DE8}") = "FrontEnd", "FrontEnd", "{5744F33C-CB41-4E69-96EF-871E4A32D6CE}"
EndProject
Project("{FAE04EC0-301F-11D3-BF4B-00C04F79EFBC}") = "Mango.Web", "Mango.Web\Mango.Web.csproj", "{994D0E84-AAA5-4F8B-B9B1-39A919052221}"
EndProject
Project("{2150E333-8FDC-42A3-9474-1A3956D46DE8}") = "Services", "Services", "{19D17749-7DCF-44CA-A403-A4A326BF423E}"
EndProject
Project("{FAE04EC0-301F-11D3-BF4B-00C04F79EFBC}") = "Mango.Services.ProductAPI", "Mango.Services.ProductAPI\Mango.Services.ProductAPI.csproj", "{2E54BE36-4629-41AB-968C-0C284A0E249A}"
EndProject
Global
	GlobalSection(SolutionConfigurationPlatforms) = preSolution
		Debug|Any CPU = Debug|Any CPU
		Release|Any CPU = Release|Any CPU
	EndGlobalSection
	GlobalSection(ProjectConfigurationPlatforms) = postSolution
		{994D0E84-AAA5-4F8B-B9B1-39A919052221}.Debug|Any CPU.ActiveCfg = Debug|Any CPU
		{994D0E84-AAA5-4F8B-B9B1-39A919052221}.Debug|Any CPU.Build.0 = Debug|Any CPU
		{994D0E84-AAA5-4F8B-B9B1-39A919052221}.Release|Any CPU.ActiveCfg = Release|Any CPU
		{994D0E84-AAA5-4F8B-B9B1-39A919052221}.Release|Any CPU.Build.0 = Release|Any CPU
		{2E54BE36-4629-41AB-968C-0C284A0E249A}.Debug|Any CPU.ActiveCfg = Debug|Any CPU
		{2E54BE36-4629-41AB-968C-0C284A0E249A}.Debug|Any CPU.Build.0 = Debug|Any CPU
		{2E54BE36-4629-41AB-968C-0C284A0E249A}.Release|Any CPU.ActiveCfg = Release|Any CPU
		{2E54BE36-4629-41AB-968C-0C284A0E249A}.Release|Any CPU.Build.0 = Release|Any CPU
	EndGlobalSection
	GlobalSection(SolutionProperties) = preSolution
		HideSolutionNode = FALSE
	EndGlobalSection
	GlobalSection(NestedProjects) = preSolution
		{994D0E84-AAA5-4F8B-B9B1-39A919052221} = {5744F33C-CB41-4E69-96EF-871E4A32D6CE}
		{2E54BE36-4629-41AB-968C-0C284A0E249A} = {19D17749-7DCF-44CA-A403-A4A326BF423E}
	EndGlobalSection
	GlobalSection(ExtensibilityGlobals) = postSolution
		SolutionGuid = {7B339D3C-DBDD-480C-BFB1-27914B125765}
	EndGlobalSection
EndGlobal
